
Microsoft Visual Studio Solution File, Format Version 12.00
# Visual Studio Version 17
VisualStudioVersion = 17.7.34031.279
MinimumVisualStudioVersion = 10.0.40219.1
Project("{FAE04EC0-301F-11D3-BF4B-00C04F79EFBC}") = "Nortwind_API", "Nortwind_API.csproj", "{D258258A-886E-4604-AF5E-ACEEFDFC445C}"
EndProject
Global
	GlobalSection(SolutionConfigurationPlatforms) = preSolution
		Debug|Any CPU = Debug|Any CPU
		Release|Any CPU = Release|Any CPU
	EndGlobalSection
	GlobalSection(ProjectConfigurationPlatforms) = postSolution
		{D258258A-886E-4604-AF5E-ACEEFDFC445C}.Debug|Any CPU.ActiveCfg = Debug|Any CPU
		{D258258A-886E-4604-AF5E-ACEEFDFC445C}.Debug|Any CPU.Build.0 = Debug|Any CPU
		{D258258A-886E-4604-AF5E-ACEEFDFC445C}.Release|Any CPU.ActiveCfg = Release|Any CPU
		{D258258A-886E-4604-AF5E-ACEEFDFC445C}.Release|Any CPU.Build.0 = Release|Any CPU
	EndGlobalSection
	GlobalSection(SolutionProperties) = preSolution
		HideSolutionNode = FALSE
	EndGlobalSection
	GlobalSection(ExtensibilityGlobals) = postSolution
		SolutionGuid = {05243827-1933-421C-B611-B03DDE9106CA}
	EndGlobalSection
EndGlobal
